lockfileVersion: '9.0'

settings:
  autoInstallPeers: true
  excludeLinksFromLockfile: false

importers:

  .:
    dependencies:
      '@next/env':
        specifier: ^15.2.4
        version: 15.2.4

packages:

  '@next/env@15.2.4':
    resolution: {integrity: sha512-+SFtMgoiYP3WoSswuNmxJOCwi06TdWE733D+WPjpXIe4LXGULwEaofiiAy6kbS0+XjM5xF5n3lKuBwN2SnqD9g==}

snapshots:

  '@next/env@15.2.4': {}
